// !$*UTF8*$!
{
	archiveVersion = 1;
	classes = {
	};
	objectVersion = 46;
	objects = {

/* Begin PBXBuildFile section */
		F13ED4C91DDBF52000F8DFF3 /* TestPopupView.m in Sources */ = {isa = PBXBuildFile; fileRef = F13ED4C81DDBF52000F8DFF3 /* TestPopupView.m */; };
		F13ED4D01DDBF67600F8DFF3 /* PopView.m in Sources */ = {isa = PBXBuildFile; fileRef = F13ED4CC1DDBF67600F8DFF3 /* PopView.m */; };
		F13ED4D11DDBF67600F8DFF3 /* UIImage+ResizeMagick.m in Sources */ = {isa = PBXBuildFile; fileRef = F13ED4CF1DDBF67600F8DFF3 /* UIImage+ResizeMagick.m */; };
		F13ED4ED1DDBF79C00F8DFF3 /* MASCompositeConstraint.m in Sources */ = {isa = PBXBuildFile; fileRef = F13ED4D51DDBF79C00F8DFF3 /* MASCompositeConstraint.m */; };
		F13ED4EE1DDBF79C00F8DFF3 /* MASConstraint.m in Sources */ = {isa = PBXBuildFile; fileRef = F13ED4D81DDBF79C00F8DFF3 /* MASConstraint.m */; };
		F13ED4EF1DDBF79C00F8DFF3 /* MASConstraintMaker.m in Sources */ = {isa = PBXBuildFile; fileRef = F13ED4DA1DDBF79C00F8DFF3 /* MASConstraintMaker.m */; };
		F13ED4F01DDBF79C00F8DFF3 /* MASLayoutConstraint.m in Sources */ = {isa = PBXBuildFile; fileRef = F13ED4DC1DDBF79C00F8DFF3 /* MASLayoutConstraint.m */; };
		F13ED4F11DDBF79C00F8DFF3 /* MASViewAttribute.m in Sources */ = {isa = PBXBuildFile; fileRef = F13ED4E01DDBF79C00F8DFF3 /* MASViewAttribute.m */; };
		F13ED4F21DDBF79C00F8DFF3 /* MASViewConstraint.m in Sources */ = {isa = PBXBuildFile; fileRef = F13ED4E21DDBF79C00F8DFF3 /* MASViewConstraint.m */; };
		F13ED4F31DDBF79C00F8DFF3 /* NSArray+MASAdditions.m in Sources */ = {isa = PBXBuildFile; fileRef = F13ED4E41DDBF79C00F8DFF3 /* NSArray+MASAdditions.m */; };
		F13ED4F41DDBF79C00F8DFF3 /* NSLayoutConstraint+MASDebugAdditions.m in Sources */ = {isa = PBXBuildFile; fileRef = F13ED4E71DDBF79C00F8DFF3 /* NSLayoutConstraint+MASDebugAdditions.m */; };
		F13ED4F51DDBF79C00F8DFF3 /* View+MASAdditions.m in Sources */ = {isa = PBXBuildFile; fileRef = F13ED4E91DDBF79C00F8DFF3 /* View+MASAdditions.m */; };
		F13ED4F61DDBF79C00F8DFF3 /* ViewController+MASAdditions.m in Sources */ = {isa = PBXBuildFile; fileRef = F13ED4EC1DDBF79C00F8DFF3 /* ViewController+MASAdditions.m */; };
		F13ED4FA1DDBF96400F8DFF3 /* BasePopupView.m in Sources */ = {isa = PBXBuildFile; fileRef = F13ED4F91DDBF96400F8DFF3 /* BasePopupView.m */; };
		F14824441DEED4AF000A5FC6 /* VCityPicker.m in Sources */ = {isa = PBXBuildFile; fileRef = F14824431DEED4AF000A5FC6 /* VCityPicker.m */; };
		F1489A8E1DE03829000AD269 /* BottleView.m in Sources */ = {isa = PBXBuildFile; fileRef = F1489A8C1DE03829000AD269 /* BottleView.m */; };
		F154ECF51DF9370800EB4FAD /* VCityModel.m in Sources */ = {isa = PBXBuildFile; fileRef = F154ECF21DF9370800EB4FAD /* VCityModel.m */; };
		F154ECF81DF9383D00EB4FAD /* areas.json in Resources */ = {isa = PBXBuildFile; fileRef = F154ECF71DF9383D00EB4FAD /* areas.json */; };
		F154ED051DF94B8F00EB4FAD /* VCityToolBar.m in Sources */ = {isa = PBXBuildFile; fileRef = F154ED041DF94B8F00EB4FAD /* VCityToolBar.m */; };
		F154ED081DF94BFE00EB4FAD /* V2CityPicker.m in Sources */ = {isa = PBXBuildFile; fileRef = F154ED071DF94BFE00EB4FAD /* V2CityPicker.m */; };
		F154ED0A1DF94F4100EB4FAD /* cities.plist in Resources */ = {isa = PBXBuildFile; fileRef = F154ED091DF94F4100EB4FAD /* cities.plist */; };
		F154ED0D1DF94F5B00EB4FAD /* VProvinceModel.m in Sources */ = {isa = PBXBuildFile; fileRef = F154ED0C1DF94F5B00EB4FAD /* VProvinceModel.m */; };
		F186908F1DC877D10024BF3A /* main.m in Sources */ = {isa = PBXBuildFile; fileRef = F186908E1DC877D10024BF3A /* main.m */; };
		F18690921DC877D10024BF3A /* AppDelegate.m in Sources */ = {isa = PBXBuildFile; fileRef = F18690911DC877D10024BF3A /* AppDelegate.m */; };
		F18690951DC877D10024BF3A /* ViewController.m in Sources */ = {isa = PBXBuildFile; fileRef = F18690941DC877D10024BF3A /* ViewController.m */; };
		F18690981DC877D10024BF3A /* Main.storyboard in Resources */ = {isa = PBXBuildFile; fileRef = F18690961DC877D10024BF3A /* Main.storyboard */; };
		F186909A1DC877D10024BF3A /* Assets.xcassets in Resources */ = {isa = PBXBuildFile; fileRef = F18690991DC877D10024BF3A /* Assets.xcassets */; };
		F186909D1DC877D10024BF3A /* LaunchScreen.storyboard in Resources */ = {isa = PBXBuildFile; fileRef = F186909B1DC877D10024BF3A /* LaunchScreen.storyboard */; };
/* End PBXBuildFile section */

/* Begin PBXFileReference section */
		F13ED4C71DDBF52000F8DFF3 /* TestPopupView.h */ = {isa = PBXFileReference; fileEncoding = 4; lastKnownFileType = sourcecode.c.h; path = TestPopupView.h; sourceTree = "<group>"; };
		F13ED4C81DDBF52000F8DFF3 /* TestPopupView.m */ = {isa = PBXFileReference; fileEncoding = 4; lastKnownFileType = sourcecode.c.objc; path = TestPopupView.m; sourceTree = "<group>"; };
		F13ED4CB1DDBF67600F8DFF3 /* PopView.h */ = {isa = PBXFileReference; fileEncoding = 4; lastKnownFileType = sourcecode.c.h; path = PopView.h; sourceTree = "<group>"; };
		F13ED4CC1DDBF67600F8DFF3 /* PopView.m */ = {isa = PBXFileReference; fileEncoding = 4; lastKnownFileType = sourcecode.c.objc; path = PopView.m; sourceTree = "<group>"; };
		F13ED4CE1DDBF67600F8DFF3 /* UIImage+ResizeMagick.h */ = {isa = PBXFileReference; fileEncoding = 4; lastKnownFileType = sourcecode.c.h; path = "UIImage+ResizeMagick.h"; sourceTree = "<group>"; };
		F13ED4CF1DDBF67600F8DFF3 /* UIImage+ResizeMagick.m */ = {isa = PBXFileReference; fileEncoding = 4; lastKnownFileType = sourcecode.c.objc; path = "UIImage+ResizeMagick.m"; sourceTree = "<group>"; };
		F13ED4D41DDBF79C00F8DFF3 /* MASCompositeConstraint.h */ = {isa = PBXFileReference; fileEncoding = 4; lastKnownFileType = sourcecode.c.h; path = MASCompositeConstraint.h; sourceTree = "<group>"; };
		F13ED4D51DDBF79C00F8DFF3 /* MASCompositeConstraint.m */ = {isa = PBXFileReference; fileEncoding = 4; lastKnownFileType = sourcecode.c.objc; path = MASCompositeConstraint.m; sourceTree = "<group>"; };
		F13ED4D61DDBF79C00F8DFF3 /* MASConstraint+Private.h */ = {isa = PBXFileReference; fileEncoding = 4; lastKnownFileType = sourcecode.c.h; path = "MASConstraint+Private.h"; sourceTree = "<group>"; };
		F13ED4D71DDBF79C00F8DFF3 /* MASConstraint.h */ = {isa = PBXFileReference; fileEncoding = 4; lastKnownFileType = sourcecode.c.h; path = MASConstraint.h; sourceTree = "<group>"; };
		F13ED4D81DDBF79C00F8DFF3 /* MASConstraint.m */ = {isa = PBXFileReference; fileEncoding = 4; lastKnownFileType = sourcecode.c.objc; path = MASConstraint.m; sourceTree = "<group>"; };
		F13ED4D91DDBF79C00F8DFF3 /* MASConstraintMaker.h */ = {isa = PBXFileReference; fileEncoding = 4; lastKnownFileType = sourcecode.c.h; path = MASConstraintMaker.h; sourceTree = "<group>"; };
		F13ED4DA1DDBF79C00F8DFF3 /* MASConstraintMaker.m */ = {isa = PBXFileReference; fileEncoding = 4; lastKnownFileType = sourcecode.c.objc; path = MASConstraintMaker.m; sourceTree = "<group>"; };
		F13ED4DB1DDBF79C00F8DFF3 /* MASLayoutConstraint.h */ = {isa = PBXFileReference; fileEncoding = 4; lastKnownFileType = sourcecode.c.h; path = MASLayoutConstraint.h; sourceTree = "<group>"; };
		F13ED4DC1DDBF79C00F8DFF3 /* MASLayoutConstraint.m */ = {isa = PBXFileReference; fileEncoding = 4; lastKnownFileType = sourcecode.c.objc; path = MASLayoutConstraint.m; sourceTree = "<group>"; };
		F13ED4DD1DDBF79C00F8DFF3 /* Masonry.h */ = {isa = PBXFileReference; fileEncoding = 4; lastKnownFileType = sourcecode.c.h; path = Masonry.h; sourceTree = "<group>"; };
		F13ED4DE1DDBF79C00F8DFF3 /* MASUtilities.h */ = {isa = PBXFileReference; fileEncoding = 4; lastKnownFileType = sourcecode.c.h; path = MASUtilities.h; sourceTree = "<group>"; };
		F13ED4DF1DDBF79C00F8DFF3 /* MASViewAttribute.h */ = {isa = PBXFileReference; fileEncoding = 4; lastKnownFileType = sourcecode.c.h; path = MASViewAttribute.h; sourceTree = "<group>"; };
		F13ED4E01DDBF79C00F8DFF3 /* MASViewAttribute.m */ = {isa = PBXFileReference; fileEncoding = 4; lastKnownFileType = sourcecode.c.objc; path = MASViewAttribute.m; sourceTree = "<group>"; };
		F13ED4E11DDBF79C00F8DFF3 /* MASViewConstraint.h */ = {isa = PBXFileReference; fileEncoding = 4; lastKnownFileType = sourcecode.c.h; path = MASViewConstraint.h; sourceTree = "<group>"; };
		F13ED4E21DDBF79C00F8DFF3 /* MASViewConstraint.m */ = {isa = PBXFileReference; fileEncoding = 4; lastKnownFileType = sourcecode.c.objc; path = MASViewConstraint.m; sourceTree = "<group>"; };
		F13ED4E31DDBF79C00F8DFF3 /* NSArray+MASAdditions.h */ = {isa = PBXFileReference; fileEncoding = 4; lastKnownFileType = sourcecode.c.h; path = "NSArray+MASAdditions.h"; sourceTree = "<group>"; };
		F13ED4E41DDBF79C00F8DFF3 /* NSArray+MASAdditions.m */ = {isa = PBXFileReference; fileEncoding = 4; lastKnownFileType = sourcecode.c.objc; path = "NSArray+MASAdditions.m"; sourceTree = "<group>"; };
		F13ED4E51DDBF79C00F8DFF3 /* NSArray+MASShorthandAdditions.h */ = {isa = PBXFileReference; fileEncoding = 4; lastKnownFileType = sourcecode.c.h; path = "NSArray+MASShorthandAdditions.h"; sourceTree = "<group>"; };
		F13ED4E61DDBF79C00F8DFF3 /* NSLayoutConstraint+MASDebugAdditions.h */ = {isa = PBXFileReference; fileEncoding = 4; lastKnownFileType = sourcecode.c.h; path = "NSLayoutConstraint+MASDebugAdditions.h"; sourceTree = "<group>"; };
		F13ED4E71DDBF79C00F8DFF3 /* NSLayoutConstraint+MASDebugAdditions.m */ = {isa = PBXFileReference; fileEncoding = 4; lastKnownFileType = sourcecode.c.objc; path = "NSLayoutConstraint+MASDebugAdditions.m"; sourceTree = "<group>"; };
		F13ED4E81DDBF79C00F8DFF3 /* View+MASAdditions.h */ = {isa = PBXFileReference; fileEncoding = 4; lastKnownFileType = sourcecode.c.h; path = "View+MASAdditions.h"; sourceTree = "<group>"; };
		F13ED4E91DDBF79C00F8DFF3 /* View+MASAdditions.m */ = {isa = PBXFileReference; fileEncoding = 4; lastKnownFileType = sourcecode.c.objc; path = "View+MASAdditions.m"; sourceTree = "<group>"; };
		F13ED4EA1DDBF79C00F8DFF3 /* View+MASShorthandAdditions.h */ = {isa = PBXFileReference; fileEncoding = 4; lastKnownFileType = sourcecode.c.h; path = "View+MASShorthandAdditions.h"; sourceTree = "<group>"; };
		F13ED4EB1DDBF79C00F8DFF3 /* ViewController+MASAdditions.h */ = {isa = PBXFileReference; fileEncoding = 4; lastKnownFileType = sourcecode.c.h; path = "ViewController+MASAdditions.h"; sourceTree = "<group>"; };
		F13ED4EC1DDBF79C00F8DFF3 /* ViewController+MASAdditions.m */ = {isa = PBXFileReference; fileEncoding = 4; lastKnownFileType = sourcecode.c.objc; path = "ViewController+MASAdditions.m"; sourceTree = "<group>"; };
		F13ED4F81DDBF96400F8DFF3 /* BasePopupView.h */ = {isa = PBXFileReference; fileEncoding = 4; lastKnownFileType = sourcecode.c.h; path = BasePopupView.h; sourceTree = "<group>"; };
		F13ED4F91DDBF96400F8DFF3 /* BasePopupView.m */ = {isa = PBXFileReference; fileEncoding = 4; lastKnownFileType = sourcecode.c.objc; path = BasePopupView.m; sourceTree = "<group>"; };
		F14824421DEED4AF000A5FC6 /* VCityPicker.h */ = {isa = PBXFileReference; fileEncoding = 4; lastKnownFileType = sourcecode.c.h; path = VCityPicker.h; sourceTree = "<group>"; };
		F14824431DEED4AF000A5FC6 /* VCityPicker.m */ = {isa = PBXFileReference; fileEncoding = 4; lastKnownFileType = sourcecode.c.objc; path = VCityPicker.m; sourceTree = "<group>"; };
		F1489A8C1DE03829000AD269 /* BottleView.m */ = {isa = PBXFileReference; fileEncoding = 4; lastKnownFileType = sourcecode.c.objc; path = BottleView.m; sourceTree = "<group>"; };
		F1489A8D1DE03829000AD269 /* BottleView.h */ = {isa = PBXFileReference; fileEncoding = 4; lastKnownFileType = sourcecode.c.h; path = BottleView.h; sourceTree = "<group>"; };
		F154ECF11DF9370800EB4FAD /* VCityModel.h */ = {isa = PBXFileReference; fileEncoding = 4; lastKnownFileType = sourcecode.c.h; path = VCityModel.h; sourceTree = "<group>"; };
		F154ECF21DF9370800EB4FAD /* VCityModel.m */ = {isa = PBXFileReference; fileEncoding = 4; lastKnownFileType = sourcecode.c.objc; path = VCityModel.m; sourceTree = "<group>"; };
		F154ECF71DF9383D00EB4FAD /* areas.json */ = {isa = PBXFileReference; fileEncoding = 4; lastKnownFileType = text.json; path = areas.json; sourceTree = "<group>"; };
		F154ECF91DF93DC800EB4FAD /* PrefixHeader.pch */ = {isa = PBXFileReference; fileEncoding = 4; lastKnownFileType = sourcecode.c.h; path = PrefixHeader.pch; sourceTree = "<group>"; };
		F154ED031DF94B8F00EB4FAD /* VCityToolBar.h */ = {isa = PBXFileReference; fileEncoding = 4; lastKnownFileType = sourcecode.c.h; path = VCityToolBar.h; sourceTree = "<group>"; };
		F154ED041DF94B8F00EB4FAD /* VCityToolBar.m */ = {isa = PBXFileReference; fileEncoding = 4; lastKnownFileType = sourcecode.c.objc; path = VCityToolBar.m; sourceTree = "<group>"; };
		F154ED061DF94BFE00EB4FAD /* V2CityPicker.h */ = {isa = PBXFileReference; fileEncoding = 4; lastKnownFileType = sourcecode.c.h; path = V2CityPicker.h; sourceTree = "<group>"; };
		F154ED071DF94BFE00EB4FAD /* V2CityPicker.m */ = {isa = PBXFileReference; fileEncoding = 4; lastKnownFileType = sourcecode.c.objc; path = V2CityPicker.m; sourceTree = "<group>"; };
		F154ED091DF94F4100EB4FAD /* cities.plist */ = {isa = PBXFileReference; fileEncoding = 4; lastKnownFileType = text.plist.xml; path = cities.plist; sourceTree = "<group>"; };
		F154ED0B1DF94F5B00EB4FAD /* VProvinceModel.h */ = {isa = PBXFileReference; fileEncoding = 4; lastKnownFileType = sourcecode.c.h; path = VProvinceModel.h; sourceTree = "<group>"; };
		F154ED0C1DF94F5B00EB4FAD /* VProvinceModel.m */ = {isa = PBXFileReference; fileEncoding = 4; lastKnownFileType = sourcecode.c.objc; path = VProvinceModel.m; sourceTree = "<group>"; };
		F186908A1DC877D10024BF3A /* PopupViewExample.app */ = {isa = PBXFileReference; explicitFileType = wrapper.application; includeInIndex = 0; path = PopupViewExample.app; sourceTree = BUILT_PRODUCTS_DIR; };
		F186908E1DC877D10024BF3A /* main.m */ = {isa = PBXFileReference; lastKnownFileType = sourcecode.c.objc; path = main.m; sourceTree = "<group>"; };
		F18690901DC877D10024BF3A /* AppDelegate.h */ = {isa = PBXFileReference; lastKnownFileType = sourcecode.c.h; path = AppDelegate.h; sourceTree = "<group>"; };
		F18690911DC877D10024BF3A /* AppDelegate.m */ = {isa = PBXFileReference; lastKnownFileType = sourcecode.c.objc; path = AppDelegate.m; sourceTree = "<group>"; };
		F18690931DC877D10024BF3A /* ViewController.h */ = {isa = PBXFileReference; lastKnownFileType = sourcecode.c.h; path = ViewController.h; sourceTree = "<group>"; };
		F18690941DC877D10024BF3A /* ViewController.m */ = {isa = PBXFileReference; lastKnownFileType = sourcecode.c.objc; path = ViewController.m; sourceTree = "<group>"; };
		F18690971DC877D10024BF3A /* Base */ = {isa = PBXFileReference; lastKnownFileType = file.storyboard; name = Base; path = Base.lproj/Main.storyboard; sourceTree = "<group>"; };
		F18690991DC877D10024BF3A /* Assets.xcassets */ = {isa = PBXFileReference; lastKnownFileType = folder.assetcatalog; path = Assets.xcassets; sourceTree = "<group>"; };
		F186909C1DC877D10024BF3A /* Base */ = {isa = PBXFileReference; lastKnownFileType = file.storyboard; name = Base; path = Base.lproj/LaunchScreen.storyboard; sourceTree = "<group>"; };
		F186909E1DC877D10024BF3A /* Info.plist */ = {isa = PBXFileReference; lastKnownFileType = text.plist.xml; path = Info.plist; sourceTree = "<group>"; };
/* End PBXFileReference section */

/* Begin PBXFrameworksBuildPhase section */
		F18690871DC877D10024BF3A /* Frameworks */ = {
			isa = PBXFrameworksBuildPhase;
			buildActionMask = 2147483647;
			files = (
			);
			runOnlyForDeploymentPostprocessing = 0;
		};
/* End PBXFrameworksBuildPhase section */

/* Begin PBXGroup section */
		F13ED4CA1DDBF67600F8DFF3 /* PopAnimationView */ = {
			isa = PBXGroup;
			children = (
				F13ED4CB1DDBF67600F8DFF3 /* PopView.h */,
				F13ED4CC1DDBF67600F8DFF3 /* PopView.m */,
			);
			path = PopAnimationView;
			sourceTree = "<group>";
		};
		F13ED4CD1DDBF67600F8DFF3 /* UIImage-ResizeMagick */ = {
			isa = PBXGroup;
			children = (
				F13ED4CE1DDBF67600F8DFF3 /* UIImage+ResizeMagick.h */,
				F13ED4CF1DDBF67600F8DFF3 /* UIImage+ResizeMagick.m */,
			);
			path = "UIImage-ResizeMagick";
			sourceTree = "<group>";
		};
		F13ED4D21DDBF79C00F8DFF3 /* 3rds */ = {
			isa = PBXGroup;
			children = (
				F13ED4D31DDBF79C00F8DFF3 /* Masonry */,
			);
			path = 3rds;
			sourceTree = "<group>";
		};
		F13ED4D31DDBF79C00F8DFF3 /* Masonry */ = {
			isa = PBXGroup;
			children = (
				F13ED4D41DDBF79C00F8DFF3 /* MASCompositeConstraint.h */,
				F13ED4D51DDBF79C00F8DFF3 /* MASCompositeConstraint.m */,
				F13ED4D61DDBF79C00F8DFF3 /* MASConstraint+Private.h */,
				F13ED4D71DDBF79C00F8DFF3 /* MASConstraint.h */,
				F13ED4D81DDBF79C00F8DFF3 /* MASConstraint.m */,
				F13ED4D91DDBF79C00F8DFF3 /* MASConstraintMaker.h */,
				F13ED4DA1DDBF79C00F8DFF3 /* MASConstraintMaker.m */,
				F13ED4DB1DDBF79C00F8DFF3 /* MASLayoutConstraint.h */,
				F13ED4DC1DDBF79C00F8DFF3 /* MASLayoutConstraint.m */,
				F13ED4DD1DDBF79C00F8DFF3 /* Masonry.h */,
				F13ED4DE1DDBF79C00F8DFF3 /* MASUtilities.h */,
				F13ED4DF1DDBF79C00F8DFF3 /* MASViewAttribute.h */,
				F13ED4E01DDBF79C00F8DFF3 /* MASViewAttribute.m */,
				F13ED4E11DDBF79C00F8DFF3 /* MASViewConstraint.h */,
				F13ED4E21DDBF79C00F8DFF3 /* MASViewConstraint.m */,
				F13ED4E31DDBF79C00F8DFF3 /* NSArray+MASAdditions.h */,
				F13ED4E41DDBF79C00F8DFF3 /* NSArray+MASAdditions.m */,
				F13ED4E51DDBF79C00F8DFF3 /* NSArray+MASShorthandAdditions.h */,
				F13ED4E61DDBF79C00F8DFF3 /* NSLayoutConstraint+MASDebugAdditions.h */,
				F13ED4E71DDBF79C00F8DFF3 /* NSLayoutConstraint+MASDebugAdditions.m */,
				F13ED4E81DDBF79C00F8DFF3 /* View+MASAdditions.h */,
				F13ED4E91DDBF79C00F8DFF3 /* View+MASAdditions.m */,
				F13ED4EA1DDBF79C00F8DFF3 /* View+MASShorthandAdditions.h */,
				F13ED4EB1DDBF79C00F8DFF3 /* ViewController+MASAdditions.h */,
				F13ED4EC1DDBF79C00F8DFF3 /* ViewController+MASAdditions.m */,
			);
			path = Masonry;
			sourceTree = "<group>";
		};
		F13ED4F71DDBF96400F8DFF3 /* BasePopupView */ = {
			isa = PBXGroup;
			children = (
				F13ED4F81DDBF96400F8DFF3 /* BasePopupView.h */,
				F13ED4F91DDBF96400F8DFF3 /* BasePopupView.m */,
			);
			path = BasePopupView;
			sourceTree = "<group>";
		};
		F14824411DEED49B000A5FC6 /* CityPicker */ = {
			isa = PBXGroup;
			children = (
				F154ECF71DF9383D00EB4FAD /* areas.json */,
				F154ED091DF94F4100EB4FAD /* cities.plist */,
				F154ECF11DF9370800EB4FAD /* VCityModel.h */,
				F154ECF21DF9370800EB4FAD /* VCityModel.m */,
				F14824421DEED4AF000A5FC6 /* VCityPicker.h */,
				F14824431DEED4AF000A5FC6 /* VCityPicker.m */,
				F154ED031DF94B8F00EB4FAD /* VCityToolBar.h */,
				F154ED041DF94B8F00EB4FAD /* VCityToolBar.m */,
				F154ED0B1DF94F5B00EB4FAD /* VProvinceModel.h */,
				F154ED0C1DF94F5B00EB4FAD /* VProvinceModel.m */,
				F154ED061DF94BFE00EB4FAD /* V2CityPicker.h */,
				F154ED071DF94BFE00EB4FAD /* V2CityPicker.m */,
			);
			path = CityPicker;
			sourceTree = "<group>";
		};
		F1489A8B1DE03823000AD269 /* BottleView */ = {
			isa = PBXGroup;
			children = (
				F1489A8C1DE03829000AD269 /* BottleView.m */,
				F1489A8D1DE03829000AD269 /* BottleView.h */,
			);
			path = BottleView;
			sourceTree = "<group>";
		};
		F18690811DC877D10024BF3A = {
			isa = PBXGroup;
			children = (
				F186908C1DC877D10024BF3A /* PopupViewExample */,
				F186908B1DC877D10024BF3A /* Products */,
			);
			sourceTree = "<group>";
		};
		F186908B1DC877D10024BF3A /* Products */ = {
			isa = PBXGroup;
			children = (
				F186908A1DC877D10024BF3A /* PopupViewExample.app */,
			);
			name = Products;
			sourceTree = "<group>";
		};
		F186908C1DC877D10024BF3A /* PopupViewExample */ = {
			isa = PBXGroup;
			children = (
				F18690901DC877D10024BF3A /* AppDelegate.h */,
				F18690911DC877D10024BF3A /* AppDelegate.m */,
				F18690931DC877D10024BF3A /* ViewController.h */,
				F18690941DC877D10024BF3A /* ViewController.m */,
				F13ED4C71DDBF52000F8DFF3 /* TestPopupView.h */,
				F13ED4C81DDBF52000F8DFF3 /* TestPopupView.m */,
				F18690961DC877D10024BF3A /* Main.storyboard */,
				F14824411DEED49B000A5FC6 /* CityPicker */,
				F1489A8B1DE03823000AD269 /* BottleView */,
				F13ED4F71DDBF96400F8DFF3 /* BasePopupView */,
				F13ED4CA1DDBF67600F8DFF3 /* PopAnimationView */,
				F13ED4CD1DDBF67600F8DFF3 /* UIImage-ResizeMagick */,
				F13ED4D21DDBF79C00F8DFF3 /* 3rds */,
				F18690991DC877D10024BF3A /* Assets.xcassets */,
				F186909B1DC877D10024BF3A /* LaunchScreen.storyboard */,
				F186909E1DC877D10024BF3A /* Info.plist */,
				F186908D1DC877D10024BF3A /* Supporting Files */,
			);
			path = PopupViewExample;
			sourceTree = "<group>";
		};
		F186908D1DC877D10024BF3A /* Supporting Files */ = {
			isa = PBXGroup;
			children = (
				F186908E1DC877D10024BF3A /* main.m */,
				F154ECF91DF93DC800EB4FAD /* PrefixHeader.pch */,
			);
			name = "Supporting Files";
			sourceTree = "<group>";
		};
/* End PBXGroup section */

/* Begin PBXNativeTarget section */
		F18690891DC877D10024BF3A /* PopupViewExample */ = {
			isa = PBXNativeTarget;
			buildConfigurationList = F18690A11DC877D10024BF3A /* Build configuration list for PBXNativeTarget "PopupViewExample" */;
			buildPhases = (
				F18690861DC877D10024BF3A /* Sources */,
				F18690871DC877D10024BF3A /* Frameworks */,
				F18690881DC877D10024BF3A /* Resources */,
			);
			buildRules = (
			);
			dependencies = (
			);
			name = PopupViewExample;
			productName = PopupViewExample;
			productReference = F186908A1DC877D10024BF3A /* PopupViewExample.app */;
			productType = "com.apple.product-type.application";
		};
/* End PBXNativeTarget section */

/* Begin PBXProject section */
		F18690821DC877D10024BF3A /* Project object */ = {
			isa = PBXProject;
			attributes = {
				LastUpgradeCheck = 0810;
				ORGANIZATIONNAME = vols;
				TargetAttributes = {
					F18690891DC877D10024BF3A = {
						CreatedOnToolsVersion = 8.1;
						ProvisioningStyle = Automatic;
					};
				};
			};
			buildConfigurationList = F18690851DC877D10024BF3A /* Build configuration list for PBXProject "PopupViewExample" */;
			compatibilityVersion = "Xcode 3.2";
			developmentRegion = English;
			hasScannedForEncodings = 0;
			knownRegions = (
				en,
				Base,
			);
			mainGroup = F18690811DC877D10024BF3A;
			productRefGroup = F186908B1DC877D10024BF3A /* Products */;
			projectDirPath = "";
			projectRoot = "";
			targets = (
				F18690891DC877D10024BF3A /* PopupViewExample */,
			);
		};
/* End PBXProject section */

/* Begin PBXResourcesBuildPhase section */
		F18690881DC877D10024BF3A /* Resources */ = {
			isa = PBXResourcesBuildPhase;
			buildActionMask = 2147483647;
			files = (
				F186909D1DC877D10024BF3A /* LaunchScreen.storyboard in Resources */,
				F186909A1DC877D10024BF3A /* Assets.xcassets in Resources */,
				F154ECF81DF9383D00EB4FAD /* areas.json in Resources */,
				F154ED0A1DF94F4100EB4FAD /* cities.plist in Resources */,
				F18690981DC877D10024BF3A /* Main.storyboard in Resources */,
			);
			runOnlyForDeploymentPostprocessing = 0;
		};
/* End PBXResourcesBuildPhase section */

/* Begin PBXSourcesBuildPhase section */
		F18690861DC877D10024BF3A /* Sources */ = {
			isa = PBXSourcesBuildPhase;
			buildActionMask = 2147483647;
			files = (
				F13ED4F31DDBF79C00F8DFF3 /* NSArray+MASAdditions.m in Sources */,
				F154ED051DF94B8F00EB4FAD /* VCityToolBar.m in Sources */,
				F14824441DEED4AF000A5FC6 /* VCityPicker.m in Sources */,
				F154ED0D1DF94F5B00EB4FAD /* VProvinceModel.m in Sources */,
				F13ED4F21DDBF79C00F8DFF3 /* MASViewConstraint.m in Sources */,
				F154ECF51DF9370800EB4FAD /* VCityModel.m in Sources */,
				F13ED4EF1DDBF79C00F8DFF3 /* MASConstraintMaker.m in Sources */,
				F13ED4F51DDBF79C00F8DFF3 /* View+MASAdditions.m in Sources */,
				F18690951DC877D10024BF3A /* ViewController.m in Sources */,
				F13ED4EE1DDBF79C00F8DFF3 /* MASConstraint.m in Sources */,
				F1489A8E1DE03829000AD269 /* BottleView.m in Sources */,
				F18690921DC877D10024BF3A /* AppDelegate.m in Sources */,
				F13ED4F11DDBF79C00F8DFF3 /* MASViewAttribute.m in Sources */,
				F154ED081DF94BFE00EB4FAD /* V2CityPicker.m in Sources */,
				F13ED4FA1DDBF96400F8DFF3 /* BasePopupView.m in Sources */,
				F13ED4F41DDBF79C00F8DFF3 /* NSLayoutConstraint+MASDebugAdditions.m in Sources */,
				F13ED4C91DDBF52000F8DFF3 /* TestPopupView.m in Sources */,
				F13ED4ED1DDBF79C00F8DFF3 /* MASCompositeConstraint.m in Sources */,
				F13ED4F01DDBF79C00F8DFF3 /* MASLayoutConstraint.m in Sources */,
				F13ED4D11DDBF67600F8DFF3 /* UIImage+ResizeMagick.m in Sources */,
				F13ED4D01DDBF67600F8DFF3 /* PopView.m in Sources */,
				F13ED4F61DDBF79C00F8DFF3 /* ViewController+MASAdditions.m in Sources */,
				F186908F1DC877D10024BF3A /* main.m in Sources */,
			);
			runOnlyForDeploymentPostprocessing = 0;
		};
/* End PBXSourcesBuildPhase section */

/* Begin PBXVariantGroup section */
		F18690961DC877D10024BF3A /* Main.storyboard */ = {
			isa = PBXVariantGroup;
			children = (
				F18690971DC877D10024BF3A /* Base */,
			);
			name = Main.storyboard;
			sourceTree = "<group>";
		};
		F186909B1DC877D10024BF3A /* LaunchScreen.storyboard */ = {
			isa = PBXVariantGroup;
			children = (
				F186909C1DC877D10024BF3A /* Base */,
			);
			name = LaunchScreen.storyboard;
			sourceTree = "<group>";
		};
/* End PBXVariantGroup section */

/* Begin XCBuildConfiguration section */
		F186909F1DC877D10024BF3A /* Debug */ = {
			isa = XCBuildConfiguration;
			buildSettings = {
				ALWAYS_SEARCH_USER_PATHS = NO;
				CLANG_ANALYZER_NONNULL = YES;
				CLANG_CXX_LANGUAGE_STANDARD = "gnu++0x";
				CLANG_CXX_LIBRARY = "libc++";
				CLANG_ENABLE_MODULES = YES;
				CLANG_ENABLE_OBJC_ARC = YES;
				CLANG_WARN_BOOL_CONVERSION = YES;
				CLANG_WARN_CONSTANT_CONVERSION = YES;
				CLANG_WARN_DIRECT_OBJC_ISA_USAGE = YES_ERROR;
				CLANG_WARN_DOCUMENTATION_COMMENTS = YES;
				CLANG_WARN_EMPTY_BODY = YES;
				CLANG_WARN_ENUM_CONVERSION = YES;
				CLANG_WARN_INFINITE_RECURSION = YES;
				CLANG_WARN_INT_CONVERSION = YES;
				CLANG_WARN_OBJC_ROOT_CLASS = YES_ERROR;
				CLANG_WARN_SUSPICIOUS_MOVES = YES;
				CLANG_WARN_UNREACHABLE_CODE = YES;
				CLANG_WARN__DUPLICATE_METHOD_MATCH = YES;
				"CODE_SIGN_IDENTITY[sdk=iphoneos*]" = "iPhone Developer";
				COPY_PHASE_STRIP = NO;
				DEBUG_INFORMATION_FORMAT = dwarf;
				ENABLE_STRICT_OBJC_MSGSEND = YES;
				ENABLE_TESTABILITY = YES;
				GCC_C_LANGUAGE_STANDARD = gnu99;
				GCC_DYNAMIC_NO_PIC = NO;
				GCC_NO_COMMON_BLOCKS = YES;
				GCC_OPTIMIZATION_LEVEL = 0;
				GCC_PREPROCESSOR_DEFINITIONS = (
					"DEBUG=1",
					"$(inherited)",
				);
				GCC_WARN_64_TO_32_BIT_CONVERSION = YES;
				GCC_WARN_ABOUT_RETURN_TYPE = YES_ERROR;
				GCC_WARN_UNDECLARED_SELECTOR = YES;
				GCC_WARN_UNINITIALIZED_AUTOS = YES_AGGRESSIVE;
				GCC_WARN_UNUSED_FUNCTION = YES;
				GCC_WARN_UNUSED_VARIABLE = YES;
				IPHONEOS_DEPLOYMENT_TARGET = 10.1;
				MTL_ENABLE_DEBUG_INFO = YES;
				ONLY_ACTIVE_ARCH = YES;
				SDKROOT = iphoneos;
			};
			name = Debug;
		};
		F18690A01DC877D10024BF3A /* Release */ = {
			isa = XCBuildConfiguration;
			buildSettings = {
				ALWAYS_SEARCH_USER_PATHS = NO;
				CLANG_ANALYZER_NONNULL = YES;
				CLANG_CXX_LANGUAGE_STANDARD = "gnu++0x";
				CLANG_CXX_LIBRARY = "libc++";
				CLANG_ENABLE_MODULES = YES;
				CLANG_ENABLE_OBJC_ARC = YES;
				CLANG_WARN_BOOL_CONVERSION = YES;
				CLANG_WARN_CONSTANT_CONVERSION = YES;
				CLANG_WARN_DIRECT_OBJC_ISA_USAGE = YES_ERROR;
				CLANG_WARN_DOCUMENTATION_COMMENTS = YES;
				CLANG_WARN_EMPTY_BODY = YES;
				CLANG_WARN_ENUM_CONVERSION = YES;
				CLANG_WARN_INFINITE_RECURSION = YES;
				CLANG_WARN_INT_CONVERSION = YES;
				CLANG_WARN_OBJC_ROOT_CLASS = YES_ERROR;
				CLANG_WARN_SUSPICIOUS_MOVES = YES;
				CLANG_WARN_UNREACHABLE_CODE = YES;
				CLANG_WARN__DUPLICATE_METHOD_MATCH = YES;
				"CODE_SIGN_IDENTITY[sdk=iphoneos*]" = "iPhone Developer";
				COPY_PHASE_STRIP = NO;
				DEBUG_INFORMATION_FORMAT = "dwarf-with-dsym";
				ENABLE_NS_ASSERTIONS = NO;
				ENABLE_STRICT_OBJC_MSGSEND = YES;
				GCC_C_LANGUAGE_STANDARD = gnu99;
				GCC_NO_COMMON_BLOCKS = YES;
				GCC_WARN_64_TO_32_BIT_CONVERSION = YES;
				GCC_WARN_ABOUT_RETURN_TYPE = YES_ERROR;
				GCC_WARN_UNDECLARED_SELECTOR = YES;
				GCC_WARN_UNINITIALIZED_AUTOS = YES_AGGRESSIVE;
				GCC_WARN_UNUSED_FUNCTION = YES;
				GCC_WARN_UNUSED_VARIABLE = YES;
				IPHONEOS_DEPLOYMENT_TARGET = 10.1;
				MTL_ENABLE_DEBUG_INFO = NO;
				SDKROOT = iphoneos;
				VALIDATE_PRODUCT = YES;
			};
			name = Release;
		};
		F18690A21DC877D10024BF3A /* Debug */ = {
			isa = XCBuildConfiguration;
			buildSettings = {
				ASSETCATALOG_COMPILER_APPICON_NAME = AppIcon;
				DEVELOPMENT_TEAM = "";
				GCC_PREFIX_HEADER = PopupViewExample/PrefixHeader.pch;
				INFOPLIST_FILE = PopupViewExample/Info.plist;
				LD_RUNPATH_SEARCH_PATHS = "$(inherited) @executable_path/Frameworks";
				PRODUCT_BUNDLE_IDENTIFIER = com.vols.PopupViewExample;
				PRODUCT_NAME = "$(TARGET_NAME)";
			};
			name = Debug;
		};
		F18690A31DC877D10024BF3A /* Release */ = {
			isa = XCBuildConfiguration;
			buildSettings = {
				ASSETCATALOG_COMPILER_APPICON_NAME = AppIcon;
				DEVELOPMENT_TEAM = "";
				GCC_PREFIX_HEADER = PopupViewExample/PrefixHeader.pch;
				INFOPLIST_FILE = PopupViewExample/Info.plist;
				LD_RUNPATH_SEARCH_PATHS = "$(inherited) @executable_path/Frameworks";
				PRODUCT_BUNDLE_IDENTIFIER = com.vols.PopupViewExample;
				PRODUCT_NAME = "$(TARGET_NAME)";
			};
			name = Release;
		};
/* End XCBuildConfiguration section */

/* Begin XCConfigurationList section */
		F18690851DC877D10024BF3A /* Build configuration list for PBXProject "PopupViewExample" */ = {
			isa = XCConfigurationList;
			buildConfigurations = (
				F186909F1DC877D10024BF3A /* Debug */,
				F18690A01DC877D10024BF3A /* Release */,
			);
			defaultConfigurationIsVisible = 0;
			defaultConfigurationName = Release;
		};
		F18690A11DC877D10024BF3A /* Build configuration list for PBXNativeTarget "PopupViewExample" */ = {
			isa = XCConfigurationList;
			buildConfigurations = (
				F18690A21DC877D10024BF3A /* Debug */,
				F18690A31DC877D10024BF3A /* Release */,
			);
			defaultConfigurationIsVisible = 0;
			defaultConfigurationName = Release;
		};
/* End XCConfigurationList section */
	};
	rootObject = F18690821DC877D10024BF3A /* Project object */;
}
